// !$*UTF8*$!
{
	archiveVersion = 1;
	classes = {
	};
	objectVersion = 55;
	objects = {

/* Begin PBXBuildFile section */
		E3DF7565BA62C213AC674803 /* Pods_UITextField_Demo.framework in Frameworks */ = {isa = PBXBuildFile; fileRef = 81CCD437DD83E2EC7266B88E /* Pods_UITextField_Demo.framework */; };
		E76DA28E27C5022D00DDCAB5 /* AppDelegate.swift in Sources */ = {isa = PBXBuildFile; fileRef = E76DA28D27C5022D00DDCAB5 /* AppDelegate.swift */; };
		E76DA29027C5022D00DDCAB5 /* SceneDelegate.swift in Sources */ = {isa = PBXBuildFile; fileRef = E76DA28F27C5022D00DDCAB5 /* SceneDelegate.swift */; };
		E76DA29227C5022D00DDCAB5 /* ViewController.swift in Sources */ = {isa = PBXBuildFile; fileRef = E76DA29127C5022D00DDCAB5 /* ViewController.swift */; };
		E76DA29527C5022D00DDCAB5 /* Main.storyboard in Resources */ = {isa = PBXBuildFile; fileRef = E76DA29327C5022D00DDCAB5 /* Main.storyboard */; };
		E76DA29727C5022D00DDCAB5 /* Assets.xcassets in Resources */ = {isa = PBXBuildFile; fileRef = E76DA29627C5022D00DDCAB5 /* Assets.xcassets */; };
		E76DA29A27C5022D00DDCAB5 /* LaunchScreen.storyboard in Resources */ = {isa = PBXBuildFile; fileRef = E76DA29827C5022D00DDCAB5 /* LaunchScreen.storyboard */; };
		E76DA2A227C76F2600DDCAB5 /* StringExtension.swift in Sources */ = {isa = PBXBuildFile; fileRef = E76DA2A127C76F2600DDCAB5 /* StringExtension.swift */; };
/* End PBXBuildFile section */

/* Begin PBXFileReference section */
		1EE3C93EF2E938F8723FAB66 /* Pods-UITextField-Demo.release.xcconfig */ = {isa = PBXFileReference; includeInIndex = 1; lastKnownFileType = text.xcconfig; name = "Pods-UITextField-Demo.release.xcconfig"; path = "Target Support Files/Pods-UITextField-Demo/Pods-UITextField-Demo.release.xcconfig"; sourceTree = "<group>"; };
		26C58F08721747EDEFD9863E /* Pods-UITextField-Demo.debug.xcconfig */ = {isa = PBXFileReference; includeInIndex = 1; lastKnownFileType = text.xcconfig; name = "Pods-UITextField-Demo.debug.xcconfig"; path = "Target Support Files/Pods-UITextField-Demo/Pods-UITextField-Demo.debug.xcconfig"; sourceTree = "<group>"; };
		81CCD437DD83E2EC7266B88E /* Pods_UITextField_Demo.framework */ = {isa = PBXFileReference; explicitFileType = wrapper.framework; includeInIndex = 0; path = Pods_UITextField_Demo.framework; sourceTree = BUILT_PRODUCTS_DIR; };
		E76DA28A27C5022D00DDCAB5 /* UITextField-Demo.app */ = {isa = PBXFileReference; explicitFileType = wrapper.application; includeInIndex = 0; path = "UITextField-Demo.app"; sourceTree = BUILT_PRODUCTS_DIR; };
		E76DA28D27C5022D00DDCAB5 /* AppDelegate.swift */ = {isa = PBXFileReference; lastKnownFileType = sourcecode.swift; path = AppDelegate.swift; sourceTree = "<group>"; };
		E76DA28F27C5022D00DDCAB5 /* SceneDelegate.swift */ = {isa = PBXFileReference; lastKnownFileType = sourcecode.swift; path = SceneDelegate.swift; sourceTree = "<group>"; };
		E76DA29127C5022D00DDCAB5 /* ViewController.swift */ = {isa = PBXFileReference; lastKnownFileType = sourcecode.swift; path = ViewController.swift; sourceTree = "<group>"; };
		E76DA29427C5022D00DDCAB5 /* Base */ = {isa = PBXFileReference; lastKnownFileType = file.storyboard; name = Base; path = Base.lproj/Main.storyboard; sourceTree = "<group>"; };
		E76DA29627C5022D00DDCAB5 /* Assets.xcassets */ = {isa = PBXFileReference; lastKnownFileType = folder.assetcatalog; path = Assets.xcassets; sourceTree = "<group>"; };
		E76DA29927C5022D00DDCAB5 /* Base */ = {isa = PBXFileReference; lastKnownFileType = file.storyboard; name = Base; path = Base.lproj/LaunchScreen.storyboard; sourceTree = "<group>"; };
		E76DA29B27C5022D00DDCAB5 /* Info.plist */ = {isa = PBXFileReference; lastKnownFileType = text.plist.xml; path = Info.plist; sourceTree = "<group>"; };
		E76DA2A127C76F2600DDCAB5 /* StringExtension.swift */ = {isa = PBXFileReference; lastKnownFileType = sourcecode.swift; path = StringExtension.swift; sourceTree = "<group>"; };
/* End PBXFileReference section */

/* Begin PBXFrameworksBuildPhase section */
		E76DA28727C5022D00DDCAB5 /* Frameworks */ = {
			isa = PBXFrameworksBuildPhase;
			buildActionMask = 2147483647;
			files = (
				E3DF7565BA62C213AC674803 /* Pods_UITextField_Demo.framework in Frameworks */,
			);
			runOnlyForDeploymentPostprocessing = 0;
		};
/* End PBXFrameworksBuildPhase section */

/* Begin PBXGroup section */
		53DC864946CF3B2928E9BC6D /* Pods */ = {
			isa = PBXGroup;
			children = (
				26C58F08721747EDEFD9863E /* Pods-UITextField-Demo.debug.xcconfig */,
				1EE3C93EF2E938F8723FAB66 /* Pods-UITextField-Demo.release.xcconfig */,
			);
			path = Pods;
			sourceTree = "<group>";
		};
		D7568AEEDC3E39D0640400D8 /* Frameworks */ = {
			isa = PBXGroup;
			children = (
				81CCD437DD83E2EC7266B88E /* Pods_UITextField_Demo.framework */,
			);
			name = Frameworks;
			sourceTree = "<group>";
		};
		E76DA28127C5022D00DDCAB5 = {
			isa = PBXGroup;
			children = (
				E76DA28C27C5022D00DDCAB5 /* UITextField-Demo */,
				E76DA28B27C5022D00DDCAB5 /* Products */,
				53DC864946CF3B2928E9BC6D /* Pods */,
				D7568AEEDC3E39D0640400D8 /* Frameworks */,
			);
			sourceTree = "<group>";
		};
		E76DA28B27C5022D00DDCAB5 /* Products */ = {
			isa = PBXGroup;
			children = (
				E76DA28A27C5022D00DDCAB5 /* UITextField-Demo.app */,
			);
			name = Products;
			sourceTree = "<group>";
		};
		E76DA28C27C5022D00DDCAB5 /* UITextField-Demo */ = {
			isa = PBXGroup;
			children = (
				E76DA28D27C5022D00DDCAB5 /* AppDelegate.swift */,
				E76DA28F27C5022D00DDCAB5 /* SceneDelegate.swift */,
				E76DA29127C5022D00DDCAB5 /* ViewController.swift */,
				E76DA2A127C76F2600DDCAB5 /* StringExtension.swift */,
				E76DA29327C5022D00DDCAB5 /* Main.storyboard */,
				E76DA29627C5022D00DDCAB5 /* Assets.xcassets */,
				E76DA29827C5022D00DDCAB5 /* LaunchScreen.storyboard */,
				E76DA29B27C5022D00DDCAB5 /* Info.plist */,
			);
			path = "UITextField-Demo";
			sourceTree = "<group>";
		};
/* End PBXGroup section */

/* Begin PBXNativeTarget section */
		E76DA28927C5022D00DDCAB5 /* UITextField-Demo */ = {
			isa = PBXNativeTarget;
			buildConfigurationList = E76DA29E27C5022D00DDCAB5 /* Build configuration list for PBXNativeTarget "UITextField-Demo" */;
			buildPhases = (
				605BBF5DBA5657EF4138657F /* [CP] Check Pods Manifest.lock */,
				E76DA28627C5022D00DDCAB5 /* Sources */,
				E76DA28727C5022D00DDCAB5 /* Frameworks */,
				E76DA28827C5022D00DDCAB5 /* Resources */,
				8125BECB0AE8357CD4CC7180 /* [CP] Embed Pods Frameworks */,
			);
			buildRules = (
			);
			dependencies = (
			);
			name = "UITextField-Demo";
			productName = "UITextField-Demo";
			productReference = E76DA28A27C5022D00DDCAB5 /* UITextField-Demo.app */;
			productType = "com.apple.product-type.application";
		};
/* End PBXNativeTarget section */

/* Begin PBXProject section */
		E76DA28227C5022D00DDCAB5 /* Project object */ = {
			isa = PBXProject;
			attributes = {
				BuildIndependentTargetsInParallel = 1;
				LastSwiftUpdateCheck = 1320;
				LastUpgradeCheck = 1320;
				TargetAttributes = {
					E76DA28927C5022D00DDCAB5 = {
						CreatedOnToolsVersion = 13.2.1;
					};
				};
			};
			buildConfigurationList = E76DA28527C5022D00DDCAB5 /* Build configuration list for PBXProject "UITextField-Demo" */;
			compatibilityVersion = "Xcode 13.0";
			developmentRegion = en;
			hasScannedForEncodings = 0;
			knownRegions = (
				en,
				Base,
			);
			mainGroup = E76DA28127C5022D00DDCAB5;
			productRefGroup = E76DA28B27C5022D00DDCAB5 /* Products */;
			projectDirPath = "";
			projectRoot = "";
			targets = (
				E76DA28927C5022D00DDCAB5 /* UITextField-Demo */,
			);
		};
/* End PBXProject section */

/* Begin PBXResourcesBuildPhase section */
		E76DA28827C5022D00DDCAB5 /* Resources */ = {
			isa = PBXResourcesBuildPhase;
			buildActionMask = 2147483647;
			files = (
				E76DA29A27C5022D00DDCAB5 /* LaunchScreen.storyboard in Resources */,
				E76DA29727C5022D00DDCAB5 /* Assets.xcassets in Resources */,
				E76DA29527C5022D00DDCAB5 /* Main.storyboard in Resources */,
			);
			runOnlyForDeploymentPostprocessing = 0;
		};
/* End PBXResourcesBuildPhase section */

/* Begin PBXShellScriptBuildPhase section */
		605BBF5DBA5657EF4138657F /* [CP] Check Pods Manifest.lock */ = {
			isa = PBXShellScriptBuildPhase;
			buildActionMask = 2147483647;
			files = (
			);
			inputFileListPaths = (
			);
			inputPaths = (
				"${PODS_PODFILE_DIR_PATH}/Podfile.lock",
				"${PODS_ROOT}/Manifest.lock",
			);
			name = "[CP] Check Pods Manifest.lock";
			outputFileListPaths = (
			);
			outputPaths = (
				"$(DERIVED_FILE_DIR)/Pods-UITextField-Demo-checkManifestLockResult.txt",
			);
			runOnlyForDeploymentPostprocessing = 0;
			shellPath = /bin/sh;
			shellScript = "diff \"${PODS_PODFILE_DIR_PATH}/Podfile.lock\" \"${PODS_ROOT}/Manifest.lock\" > /dev/null\nif [ $? != 0 ] ; then\n    # print error to STDERR\n    echo \"error: The sandbox is not in sync with the Podfile.lock. Run 'pod install' or update your CocoaPods installation.\" >&2\n    exit 1\nfi\n# This output is used by Xcode 'outputs' to avoid re-running this script phase.\necho \"SUCCESS\" > \"${SCRIPT_OUTPUT_FILE_0}\"\n";
			showEnvVarsInLog = 0;
		};
		8125BECB0AE8357CD4CC7180 /* [CP] Embed Pods Frameworks */ = {
			isa = PBXShellScriptBuildPhase;
			buildActionMask = 2147483647;
			files = (
			);
			inputFileListPaths = (
				"${PODS_ROOT}/Target Support Files/Pods-UITextField-Demo/Pods-UITextField-Demo-frameworks-${CONFIGURATION}-input-files.xcfilelist",
			);
			name = "[CP] Embed Pods Frameworks";
			outputFileListPaths = (
				"${PODS_ROOT}/Target Support Files/Pods-UITextField-Demo/Pods-UITextField-Demo-frameworks-${CONFIGURATION}-output-files.xcfilelist",
			);
			runOnlyForDeploymentPostprocessing = 0;
			shellPath = /bin/sh;
			shellScript = "\"${PODS_ROOT}/Target Support Files/Pods-UITextField-Demo/Pods-UITextField-Demo-frameworks.sh\"\n";
			showEnvVarsInLog = 0;
		};
/* End PBXShellScriptBuildPhase section */

/* Begin PBXSourcesBuildPhase section */
		E76DA28627C5022D00DDCAB5 /* Sources */ = {
			isa = PBXSourcesBuildPhase;
			buildActionMask = 2147483647;
			files = (
				E76DA2A227C76F2600DDCAB5 /* StringExtension.swift in Sources */,
				E76DA29227C5022D00DDCAB5 /* ViewController.swift in Sources */,
				E76DA28E27C5022D00DDCAB5 /* AppDelegate.swift in Sources */,
				E76DA29027C5022D00DDCAB5 /* SceneDelegate.swift in Sources */,
			);
			runOnlyForDeploymentPostprocessing = 0;
		};
/* End PBXSourcesBuildPhase section */

/* Begin PBXVariantGroup section */
		E76DA29327C5022D00DDCAB5 /* Main.storyboard */ = {
			isa = PBXVariantGroup;
			children = (
				E76DA29427C5022D00DDCAB5 /* Base */,
			);
			name = Main.storyboard;
			sourceTree = "<group>";
		};
		E76DA29827C5022D00DDCAB5 /* LaunchScreen.storyboard */ = {
			isa = PBXVariantGroup;
			children = (
				E76DA29927C5022D00DDCAB5 /* Base */,
			);
			name = LaunchScreen.storyboard;
			sourceTree = "<group>";
		};
/* End PBXVariantGroup section */

/* Begin XCBuildConfiguration section */
		E76DA29C27C5022D00DDCAB5 /* Debug */ = {
			isa = XCBuildConfiguration;
			buildSettings = {
				ALWAYS_SEARCH_USER_PATHS = NO;
				CLANG_ANALYZER_NONNULL = YES;
				CLANG_ANALYZER_NUMBER_OBJECT_CONVERSION = YES_AGGRESSIVE;
				CLANG_CXX_LANGUAGE_STANDARD = "gnu++17";
				CLANG_CXX_LIBRARY = "libc++";
				CLANG_ENABLE_MODULES = YES;
				CLANG_ENABLE_OBJC_ARC = YES;
				CLANG_ENABLE_OBJC_WEAK = YES;
				CLANG_WARN_BLOCK_CAPTURE_AUTORELEASING = YES;
				CLANG_WARN_BOOL_CONVERSION = YES;
				CLANG_WARN_COMMA = YES;
				CLANG_WARN_CONSTANT_CONVERSION = YES;
				CLANG_WARN_DEPRECATED_OBJC_IMPLEMENTATIONS = YES;
				CLANG_WARN_DIRECT_OBJC_ISA_USAGE = YES_ERROR;
				CLANG_WARN_DOCUMENTATION_COMMENTS = YES;
				CLANG_WARN_EMPTY_BODY = YES;
				CLANG_WARN_ENUM_CONVERSION = YES;
				CLANG_WARN_INFINITE_RECURSION = YES;
				CLANG_WARN_INT_CONVERSION = YES;
				CLANG_WARN_NON_LITERAL_NULL_CONVERSION = YES;
				CLANG_WARN_OBJC_IMPLICIT_RETAIN_SELF = YES;
				CLANG_WARN_OBJC_LITERAL_CONVERSION = YES;
				CLANG_WARN_OBJC_ROOT_CLASS = YES_ERROR;
				CLANG_WARN_QUOTED_INCLUDE_IN_FRAMEWORK_HEADER = YES;
				CLANG_WARN_RANGE_LOOP_ANALYSIS = YES;
				CLANG_WARN_STRICT_PROTOTYPES = YES;
				CLANG_WARN_SUSPICIOUS_MOVE = YES;
				CLANG_WARN_UNGUARDED_AVAILABILITY = YES_AGGRESSIVE;
				CLANG_WARN_UNREACHABLE_CODE = YES;
				CLANG_WARN__DUPLICATE_METHOD_MATCH = YES;
				COPY_PHASE_STRIP = NO;
				DEBUG_INFORMATION_FORMAT = dwarf;
				ENABLE_STRICT_OBJC_MSGSEND = YES;
				ENABLE_TESTABILITY = YES;
				GCC_C_LANGUAGE_STANDARD = gnu11;
				GCC_DYNAMIC_NO_PIC = NO;
				GCC_NO_COMMON_BLOCKS = YES;
				GCC_OPTIMIZATION_LEVEL = 0;
				GCC_PREPROCESSOR_DEFINITIONS = (
					"DEBUG=1",
					"$(inherited)",
				);
				GCC_WARN_64_TO_32_BIT_CONVERSION = YES;
				GCC_WARN_ABOUT_RETURN_TYPE = YES_ERROR;
				GCC_WARN_UNDECLARED_SELECTOR = YES;
				GCC_WARN_UNINITIALIZED_AUTOS = YES_AGGRESSIVE;
				GCC_WARN_UNUSED_FUNCTION = YES;
				GCC_WARN_UNUSED_VARIABLE = YES;
				IPHONEOS_DEPLOYMENT_TARGET = 15.2;
				MTL_ENABLE_DEBUG_INFO = INCLUDE_SOURCE;
				MTL_FAST_MATH = YES;
				ONLY_ACTIVE_ARCH = YES;
				SDKROOT = iphoneos;
				SWIFT_ACTIVE_COMPILATION_CONDITIONS = DEBUG;
				SWIFT_OPTIMIZATION_LEVEL = "-Onone";
			};
			name = Debug;
		};
		E76DA29D27C5022D00DDCAB5 /* Release */ = {
			isa = XCBuildConfiguration;
			buildSettings = {
				ALWAYS_SEARCH_USER_PATHS = NO;
				CLANG_ANALYZER_NONNULL = YES;
				CLANG_ANALYZER_NUMBER_OBJECT_CONVERSION = YES_AGGRESSIVE;
				CLANG_CXX_LANGUAGE_STANDARD = "gnu++17";
				CLANG_CXX_LIBRARY = "libc++";
				CLANG_ENABLE_MODULES = YES;
				CLANG_ENABLE_OBJC_ARC = YES;
				CLANG_ENABLE_OBJC_WEAK = YES;
				CLANG_WARN_BLOCK_CAPTURE_AUTORELEASING = YES;
				CLANG_WARN_BOOL_CONVERSION = YES;
				CLANG_WARN_COMMA = YES;
				CLANG_WARN_CONSTANT_CONVERSION = YES;
				CLANG_WARN_DEPRECATED_OBJC_IMPLEMENTATIONS = YES;
				CLANG_WARN_DIRECT_OBJC_ISA_USAGE = YES_ERROR;
				CLANG_WARN_DOCUMENTATION_COMMENTS = YES;
				CLANG_WARN_EMPTY_BODY = YES;
				CLANG_WARN_ENUM_CONVERSION = YES;
				CLANG_WARN_INFINITE_RECURSION = YES;
				CLANG_WARN_INT_CONVERSION = YES;
				CLANG_WARN_NON_LITERAL_NULL_CONVERSION = YES;
				CLANG_WARN_OBJC_IMPLICIT_RETAIN_SELF = YES;
				CLANG_WARN_OBJC_LITERAL_CONVERSION = YES;
				CLANG_WARN_OBJC_ROOT_CLASS = YES_ERROR;
				CLANG_WARN_QUOTED_INCLUDE_IN_FRAMEWORK_HEADER = YES;
				CLANG_WARN_RANGE_LOOP_ANALYSIS = YES;
				CLANG_WARN_STRICT_PROTOTYPES = YES;
				CLANG_WARN_SUSPICIOUS_MOVE = YES;
				CLANG_WARN_UNGUARDED_AVAILABILITY = YES_AGGRESSIVE;
				CLANG_WARN_UNREACHABLE_CODE = YES;
				CLANG_WARN__DUPLICATE_METHOD_MATCH = YES;
				COPY_PHASE_STRIP = NO;
				DEBUG_INFORMATION_FORMAT = "dwarf-with-dsym";
				ENABLE_NS_ASSERTIONS = NO;
				ENABLE_STRICT_OBJC_MSGSEND = YES;
				GCC_C_LANGUAGE_STANDARD = gnu11;
				GCC_NO_COMMON_BLOCKS = YES;
				GCC_WARN_64_TO_32_BIT_CONVERSION = YES;
				GCC_WARN_ABOUT_RETURN_TYPE = YES_ERROR;
				GCC_WARN_UNDECLARED_SELECTOR = YES;
				GCC_WARN_UNINITIALIZED_AUTOS = YES_AGGRESSIVE;
				GCC_WARN_UNUSED_FUNCTION = YES;
				GCC_WARN_UNUSED_VARIABLE = YES;
				IPHONEOS_DEPLOYMENT_TARGET = 15.2;
				MTL_ENABLE_DEBUG_INFO = NO;
				MTL_FAST_MATH = YES;
				SDKROOT = iphoneos;
				SWIFT_COMPILATION_MODE = wholemodule;
				SWIFT_OPTIMIZATION_LEVEL = "-O";
				VALIDATE_PRODUCT = YES;
			};
			name = Release;
		};
		E76DA29F27C5022D00DDCAB5 /* Debug */ = {
			isa = XCBuildConfiguration;
			baseConfigurationReference = 26C58F08721747EDEFD9863E /* Pods-UITextField-Demo.debug.xcconfig */;
			buildSettings = {
				ASSETCATALOG_COMPILER_APPICON_NAME = AppIcon;
				ASSETCATALOG_COMPILER_GLOBAL_ACCENT_COLOR_NAME = AccentColor;
				CODE_SIGN_STYLE = Automatic;
				CURRENT_PROJECT_VERSION = 1;
				GENERATE_INFOPLIST_FILE = YES;
				INFOPLIST_FILE = "UITextField-Demo/Info.plist";
				INFOPLIST_KEY_UIApplicationSupportsIndirectInputEvents = YES;
				INFOPLIST_KEY_UILaunchStoryboardName = LaunchScreen;
				INFOPLIST_KEY_UIMainStoryboardFile = Main;
				INFOPLIST_KEY_UISupportedInterfaceOrientations_iPad = "UIInterfaceOrientationPortrait UIInterfaceOrientationPortraitUpsideDown UIInterfaceOrientationLandscapeLeft UIInterfaceOrientationLandscapeRight";
				INFOPLIST_KEY_UISupportedInterfaceOrientations_iPhone = "UIInterfaceOrientationPortrait UIInterfaceOrientationLandscapeLeft UIInterfaceOrientationLandscapeRight";
				LD_RUNPATH_SEARCH_PATHS = (
					"$(inherited)",
					"@executable_path/Frameworks",
				);
				MARKETING_VERSION = 1.0;
				PRODUCT_BUNDLE_IDENTIFIER = "com.ryutenu.UITextField-Demo";
				PRODUCT_NAME = "$(TARGET_NAME)";
				SWIFT_EMIT_LOC_STRINGS = YES;
				SWIFT_VERSION = 5.0;
				TARGETED_DEVICE_FAMILY = "1,2";
			};
			name = Debug;
		};
		E76DA2A027C5022D00DDCAB5 /* Release */ = {
			isa = XCBuildConfiguration;
			baseConfigurationReference = 1EE3C93EF2E938F8723FAB66 /* Pods-UITextField-Demo.release.xcconfig */;
			buildSettings = {
				ASSETCATALOG_COMPILER_APPICON_NAME = AppIcon;
				ASSETCATALOG_COMPILER_GLOBAL_ACCENT_COLOR_NAME = AccentColor;
				CODE_SIGN_STYLE = Automatic;
				CURRENT_PROJECT_VERSION = 1;
				GENERATE_INFOPLIST_FILE = YES;
				INFOPLIST_FILE = "UITextField-Demo/Info.plist";
				INFOPLIST_KEY_UIApplicationSupportsIndirectInputEvents = YES;
				INFOPLIST_KEY_UILaunchStoryboardName = LaunchScreen;
				INFOPLIST_KEY_UIMainStoryboardFile = Main;
				INFOPLIST_KEY_UISupportedInterfaceOrientations_iPad = "UIInterfaceOrientationPortrait UIInterfaceOrientationPortraitUpsideDown UIInterfaceOrientationLandscapeLeft UIInterfaceOrientationLandscapeRight";
				INFOPLIST_KEY_UISupportedInterfaceOrientations_iPhone = "UIInterfaceOrientationPortrait UIInterfaceOrientationLandscapeLeft UIInterfaceOrientationLandscapeRight";
				LD_RUNPATH_SEARCH_PATHS = (
					"$(inherited)",
					"@executable_path/Frameworks",
				);
				MARKETING_VERSION = 1.0;
				PRODUCT_BUNDLE_IDENTIFIER = "com.ryutenu.UITextField-Demo";
				PRODUCT_NAME = "$(TARGET_NAME)";
				SWIFT_EMIT_LOC_STRINGS = YES;
				SWIFT_VERSION = 5.0;
				TARGETED_DEVICE_FAMILY = "1,2";
			};
			name = Release;
		};
/* End XCBuildConfiguration section */

/* Begin XCConfigurationList section */
		E76DA28527C5022D00DDCAB5 /* Build configuration list for PBXProject "UITextField-Demo" */ = {
			isa = XCConfigurationList;
			buildConfigurations = (
				E76DA29C27C5022D00DDCAB5 /* Debug */,
				E76DA29D27C5022D00DDCAB5 /* Release */,
			);
			defaultConfigurationIsVisible = 0;
			defaultConfigurationName = Release;
		};
		E76DA29E27C5022D00DDCAB5 /* Build configuration list for PBXNativeTarget "UITextField-Demo" */ = {
			isa = XCConfigurationList;
			buildConfigurations = (
				E76DA29F27C5022D00DDCAB5 /* Debug */,
				E76DA2A027C5022D00DDCAB5 /* Release */,
			);
			defaultConfigurationIsVisible = 0;
			defaultConfigurationName = Release;
		};
/* End XCConfigurationList section */
	};
	rootObject = E76DA28227C5022D00DDCAB5 /* Project object */;
}
